# This file is automatically @generated by Poetry and should not be changed by hand.

[[package]]
name = "asgiref"
version = "3.7.2"
description = "ASGI specs, helper code, and adapters"
category = "main"
optional = false
python-versions = ">=3.7"
files = [
    {file = "asgiref-3.7.2-py3-none-any.whl", hash = "sha256:89b2ef2247e3b562a16eef663bc0e2e703ec6468e2fa8a5cd61cd449786d4f6e"},
    {file = "asgiref-3.7.2.tar.gz", hash = "sha256:9e0ce3aa93a819ba5b45120216b23878cf6e8525eb3848653452b4192b92afed"},
]

[package.dependencies]
typing-extensions = {version = ">=4", markers = "python_version < \"3.11\""}

[package.extras]
tests = ["mypy (>=0.800)", "pytest", "pytest-asyncio"]

[[package]]
name = "beautifulsoup4"
version = "4.12.3"
description = "Screen-scraping library"
category = "main"
optional = false
python-versions = ">=3.6.0"
files = [
    {file = "beautifulsoup4-4.12.3-py3-none-any.whl", hash = "sha256:b80878c9f40111313e55da8ba20bdba06d8fa3969fc68304167741bbf9e082ed"},
    {file = "beautifulsoup4-4.12.3.tar.gz", hash = "sha256:74e3d1928edc070d21748185c46e3fb33490f22f52a3addee9aee0f4f7781051"},
]

[package.dependencies]
soupsieve = ">1.2"

[package.extras]
cchardet = ["cchardet"]
chardet = ["chardet"]
charset-normalizer = ["charset-normalizer"]
html5lib = ["html5lib"]
lxml = ["lxml"]

[[package]]
name = "django"
version = "5.0.2"
description = "A high-level Python web framework that encourages rapid development and clean, pragmatic design."
category = "main"
optional = false
python-versions = ">=3.10"
files = [
    {file = "Django-5.0.2-py3-none-any.whl", hash = "sha256:56ab63a105e8bb06ee67381d7b65fe6774f057e41a8bab06c8020c8882d8ecd4"},
    {file = "Django-5.0.2.tar.gz", hash = "sha256:b5bb1d11b2518a5f91372a282f24662f58f66749666b0a286ab057029f728080"},
]

[package.dependencies]
asgiref = ">=3.7.0,<4"
sqlparse = ">=0.3.1"
tzdata = {version = "*", markers = "sys_platform == \"win32\""}

[package.extras]
argon2 = ["argon2-cffi (>=19.1.0)"]
bcrypt = ["bcrypt"]

[[package]]
name = "django-bootstrap4"
version = "24.1"
description = "Django extensions by Zostera"
category = "main"
optional = false
python-versions = ">=3.8"
files = [
    {file = "django-bootstrap4-24.1.tar.gz", hash = "sha256:948a620a10efc3e091e55571341ae1749a3f6f521f1f031889242b65767b4c04"},
    {file = "django_bootstrap4-24.1-py3-none-any.whl", hash = "sha256:accc64255af7bb45df6b518673facbbaf572418c26e3c3579a0cf4e9c4ef1183"},
]

[package.dependencies]
beautifulsoup4 = ">=4.8.0"
Django = ">=3.2"

[[package]]
name = "django-taggit"
version = "5.0.1"
description = "django-taggit is a reusable Django application for simple tagging."
category = "main"
optional = false
python-versions = ">=3.8"
files = [
    {file = "django-taggit-5.0.1.tar.gz", hash = "sha256:edcd7db1e0f35c304e082a2f631ddac2e16ef5296029524eb792af7430cab4cc"},
    {file = "django_taggit-5.0.1-py3-none-any.whl", hash = "sha256:a0ca8a28b03c4b26c2630fd762cb76ec39b5e41abf727a7b66f897a625c5e647"},
]

[package.dependencies]
Django = ">=4.1"

[[package]]
name = "python-lorem"
version = "1.3.0.post1"
description = "Lorem ipsum generator."
category = "dev"
optional = false
python-versions = ">=3.5"
files = [
    {file = "python-lorem-1.3.0.post1.tar.gz", hash = "sha256:6a890b0ae42aea21e90bdd0c2c270843178402b3f2c75a3a454d76db8c597716"},
    {file = "python_lorem-1.3.0.post1-cp310-none-any.whl", hash = "sha256:a4db9ea35622e17920c6b021e437741fafa133a2a6835770fdf18846800263a2"},
    {file = "python_lorem-1.3.0.post1-cp311-none-any.whl", hash = "sha256:e72b925481b788341cb258c23b959ed479c18bd55335dfaa974e09cb25a67fba"},
    {file = "python_lorem-1.3.0.post1-cp38-none-any.whl", hash = "sha256:bc911215e220a0a2dd98d233b95b831db1ce2804ab9fff724f6c34ee2c6f165f"},
    {file = "python_lorem-1.3.0.post1-cp39-none-any.whl", hash = "sha256:da5265724035decf14e873e72c940587bfef539648bf0d3a9ec731041d42d41e"},
    {file = "python_lorem-1.3.0.post1-pp38-none-any.whl", hash = "sha256:444a2f6d9c1b373119bc20ccad776476fe9b761b531ea50c45b6406e5447fe5f"},
    {file = "python_lorem-1.3.0.post1-pp39-none-any.whl", hash = "sha256:9d17253bb7040eef86cac76658eae9628d11c238b2f60e9b0b7a5c3a8b66643e"},
]

[package.extras]
docs = ["Sphinx (>=6.1.3)", "furo", "sphinx-autodoc-typehints", "sphinx-copybutton", "sphinx-opengraph"]

[[package]]
name = "soupsieve"
version = "2.5"
description = "A modern CSS selector implementation for Beautiful Soup."
category = "main"
optional = false
python-versions = ">=3.8"
files = [
    {file = "soupsieve-2.5-py3-none-any.whl", hash = "sha256:eaa337ff55a1579b6549dc679565eac1e3d000563bcb1c8ab0d0fefbc0c2cdc7"},
    {file = "soupsieve-2.5.tar.gz", hash = "sha256:5663d5a7b3bfaeee0bc4372e7fc48f9cff4940b3eec54a6451cc5299f1097690"},
]

[[package]]
name = "sqlparse"
version = "0.4.4"
description = "A non-validating SQL parser."
category = "main"
optional = false
python-versions = ">=3.5"
files = [
    {file = "sqlparse-0.4.4-py3-none-any.whl", hash = "sha256:5430a4fe2ac7d0f93e66f1efc6e1338a41884b7ddf2a350cedd20ccc4d9d28f3"},
    {file = "sqlparse-0.4.4.tar.gz", hash = "sha256:d446183e84b8349fa3061f0fe7f06ca94ba65b426946ffebe6e3e8295332420c"},
]

[package.extras]
dev = ["build", "flake8"]
doc = ["sphinx"]
test = ["pytest", "pytest-cov"]

[[package]]
name = "typing-extensions"
version = "4.10.0"
description = "Backported and Experimental Type Hints for Python 3.8+"
category = "main"
optional = false
python-versions = ">=3.8"
files = [
    {file = "typing_extensions-4.10.0-py3-none-any.whl", hash = "sha256:69b1a937c3a517342112fb4c6df7e72fc39a38e7891a5730ed4985b5214b5475"},
    {file = "typing_extensions-4.10.0.tar.gz", hash = "sha256:b0abd7c89e8fb96f98db18d86106ff1d90ab692004eb746cf6eda2682f91b3cb"},
]

[[package]]
name = "tzdata"
version = "2024.1"
description = "Provider of IANA time zone data"
category = "main"
optional = false
python-versions = ">=2"
files = [
    {file = "tzdata-2024.1-py2.py3-none-any.whl", hash = "sha256:9068bc196136463f5245e51efda838afa15aaeca9903f49050dfa2679db4d252"},
    {file = "tzdata-2024.1.tar.gz", hash = "sha256:2674120f8d891909751c38abcdfd386ac0a5a1127954fbc332af6b5ceae07efd"},
]

[metadata]
lock-version = "2.0"
python-versions = "^3.10"
content-hash = "9a8a18ee7ac09364962580439a6a8e2b32d73033217527873aa72ef6d38e7a0f"
